# This file is automatically @generated by Cargo.
# It is not intended for manual editing.
version = 4

[[package]]
name = "drip"
version = "0.1.0"

[[package]]
name = "drip-cli"
version = "0.1.0"
dependencies = [
 "drip",
]

[[package]]
name = "drip-gui"
version = "0.1.0"
dependencies = [
 "drip",
]
